
Microsoft Visual Studio Solution File, Format Version 10.00
# Visual Studio 2008
Project("{FAE04EC0-301F-11D3-BF4B-00C04F79EFBC}") = "NHibCsSample.Console", "NHibCsSample.Console\NHibCsSample.Console.csproj", "{3D826D95-A7DD-4A06-8EBE-6DC1A21ED633}"
EndProject
Project("{FAE04EC0-301F-11D3-BF4B-00C04F79EFBC}") = "NHibCsSample.Data", "NHibCsSample.Data\NHibCsSample.Data.csproj", "{3B2C1F95-E0F6-4919-9874-34A7D1809D5D}"
EndProject
Global
	GlobalSection(SolutionConfigurationPlatforms) = preSolution
		Debug|Any CPU = Debug|Any CPU
		Release|Any CPU = Release|Any CPU
	EndGlobalSection
	GlobalSection(ProjectConfigurationPlatforms) = postSolution
		{3D826D95-A7DD-4A06-8EBE-6DC1A21ED633}.Debug|Any CPU.ActiveCfg = Debug|Any CPU
		{3D826D95-A7DD-4A06-8EBE-6DC1A21ED633}.Debug|Any CPU.Build.0 = Debug|Any CPU
		{3D826D95-A7DD-4A06-8EBE-6DC1A21ED633}.Release|Any CPU.ActiveCfg = Release|Any CPU
		{3D826D95-A7DD-4A06-8EBE-6DC1A21ED633}.Release|Any CPU.Build.0 = Release|Any CPU
		{3B2C1F95-E0F6-4919-9874-34A7D1809D5D}.Debug|Any CPU.ActiveCfg = Debug|Any CPU
		{3B2C1F95-E0F6-4919-9874-34A7D1809D5D}.Debug|Any CPU.Build.0 = Debug|Any CPU
		{3B2C1F95-E0F6-4919-9874-34A7D1809D5D}.Release|Any CPU.ActiveCfg = Release|Any CPU
		{3B2C1F95-E0F6-4919-9874-34A7D1809D5D}.Release|Any CPU.Build.0 = Release|Any CPU
	EndGlobalSection
	GlobalSection(SolutionProperties) = preSolution
		HideSolutionNode = FALSE
	EndGlobalSection
EndGlobal
