
Microsoft Visual Studio Solution File, Format Version 10.00
# Visual Studio 2008
Project("{FAE04EC0-301F-11D3-BF4B-00C04F79EFBC}") = "PetShop.Business", "Source\PetShop.Business\PetShop.Business.csproj", "{AC433AE0-A1DF-4D32-98C4-168D6DA1DF38}"
EndProject
Project("{FAE04EC0-301F-11D3-BF4B-00C04F79EFBC}") = "PetShop.UI", "Source\PetShop.UI\PetShop.UI.csproj", "{A761202E-412C-4F8D-8F01-18781D9CA7B6}"
EndProject
Project("{FAE04EC0-301F-11D3-BF4B-00C04F79EFBC}") = "PetShop.Controls", "Source\PetShop.Controls\PetShop.Controls.csproj", "{BF6714B1-2B59-4014-8476-744638F18362}"
EndProject
Global
	GlobalSection(SolutionConfigurationPlatforms) = preSolution
		Debug|Any CPU = Debug|Any CPU
		Release|Any CPU = Release|Any CPU
	EndGlobalSection
	GlobalSection(ProjectConfigurationPlatforms) = postSolution
		{AC433AE0-A1DF-4D32-98C4-168D6DA1DF38}.Debug|Any CPU.ActiveCfg = Debug|Any CPU
		{AC433AE0-A1DF-4D32-98C4-168D6DA1DF38}.Debug|Any CPU.Build.0 = Debug|Any CPU
		{AC433AE0-A1DF-4D32-98C4-168D6DA1DF38}.Release|Any CPU.ActiveCfg = Release|Any CPU
		{AC433AE0-A1DF-4D32-98C4-168D6DA1DF38}.Release|Any CPU.Build.0 = Release|Any CPU
		{A761202E-412C-4F8D-8F01-18781D9CA7B6}.Debug|Any CPU.ActiveCfg = Debug|Any CPU
		{A761202E-412C-4F8D-8F01-18781D9CA7B6}.Debug|Any CPU.Build.0 = Debug|Any CPU
		{A761202E-412C-4F8D-8F01-18781D9CA7B6}.Release|Any CPU.ActiveCfg = Release|Any CPU
		{A761202E-412C-4F8D-8F01-18781D9CA7B6}.Release|Any CPU.Build.0 = Release|Any CPU
		{BF6714B1-2B59-4014-8476-744638F18362}.Debug|Any CPU.ActiveCfg = Debug|Any CPU
		{BF6714B1-2B59-4014-8476-744638F18362}.Debug|Any CPU.Build.0 = Debug|Any CPU
		{BF6714B1-2B59-4014-8476-744638F18362}.Release|Any CPU.ActiveCfg = Release|Any CPU
		{BF6714B1-2B59-4014-8476-744638F18362}.Release|Any CPU.Build.0 = Release|Any CPU
	EndGlobalSection
	GlobalSection(SolutionProperties) = preSolution
		HideSolutionNode = FALSE
	EndGlobalSection
EndGlobal
