
Microsoft Visual Studio Solution File, Format Version 11.00
# Visual Studio 2010
Project("{2150E333-8FDC-42A3-9474-1A3956D46DE8}") = "Unit Tests", "Unit Tests", "{7E47C618-143C-429C-883A-343DAC3203E0}"
EndProject
Project("{2150E333-8FDC-42A3-9474-1A3956D46DE8}") = "Object Factory", "Object Factory", "{9DFB3E97-F240-4C3A-AA22-C57437B119F2}"
EndProject
Project("{2150E333-8FDC-42A3-9474-1A3956D46DE8}") = "Collections", "Collections", "{0B11D6C0-885E-4066-9DFA-2B398AE075DD}"
EndProject
Project("{F184B08F-C81C-45F6-A57F-5ABD9991F28F}") = "PetShop.Business", "Source\PetShop.Business\PetShop.Business.vbproj", "{E10044C4-3AC7-447A-9A53-5233058C11E7}"
EndProject
Project("{F184B08F-C81C-45F6-A57F-5ABD9991F28F}") = "PetShop.UI", "Source\PetShop.UI\PetShop.UI.vbproj", "{4B6AFC84-E272-4442-AAB3-A3EFBF9380B9}"
EndProject
Project("{F184B08F-C81C-45F6-A57F-5ABD9991F28F}") = "PetShop.Controls", "Source\PetShop.Controls\PetShop.Controls.vbproj", "{7217E466-4728-4CF8-B736-CA65B779AA26}"
EndProject
Project("{F184B08F-C81C-45F6-A57F-5ABD9991F28F}") = "PetShop.Tests.ParameterizedSQL", "Source\PetShop.Tests\PetShop.Tests.ParameterizedSQL\PetShop.Tests.ParameterizedSQL.vbproj", "{B5772F1F-5418-4C85-8C83-1BC333F19884}"
EndProject
Project("{F184B08F-C81C-45F6-A57F-5ABD9991F28F}") = "PetShop.Tests.StoredProcedures", "Source\PetShop.Tests\PetShop.Tests.StoredProcedures\PetShop.Tests.StoredProcedures.vbproj", "{F6247C42-9359-44FC-9D11-68987437592A}"
EndProject
Project("{F184B08F-C81C-45F6-A57F-5ABD9991F28F}") = "PetShop.Tests.OF.StoredProcedures.DAL", "Source\PetShop.Tests\PetShop.Tests.OF.StoredProcedures.DAL\PetShop.Tests.OF.StoredProcedures.DAL.vbproj", "{C295CD95-0F4B-40EB-93AB-4B8CE811E5BD}"
EndProject
Project("{F184B08F-C81C-45F6-A57F-5ABD9991F28F}") = "PetShop.Tests.OF.ParameterizedSQL", "Source\PetShop.Tests\PetShop.Tests.OF.ParameterizedSQL\PetShop.Tests.OF.ParameterizedSQL.vbproj", "{81BE355E-E9DF-4242-A3C5-575489C54EC8}"
EndProject
Project("{F184B08F-C81C-45F6-A57F-5ABD9991F28F}") = "PetShop.Tests.OF.StoredProcedures", "Source\PetShop.Tests\PetShop.Tests.OF.StoredProcedures\PetShop.Tests.OF.StoredProcedures.vbproj", "{A90FEA37-AC13-4E98-811E-8632FC53214C}"
EndProject
Project("{F184B08F-C81C-45F6-A57F-5ABD9991F28F}") = "PetShop.Tests.OF.ParameterizedSQL.DAL", "Source\PetShop.Tests\PetShop.Tests.OF.ParameterizedSQL.DAL\PetShop.Tests.OF.ParameterizedSQL.DAL.vbproj", "{BDF9354E-2AB6-4BBC-883F-CF1575355959}"
EndProject
Project("{F184B08F-C81C-45F6-A57F-5ABD9991F28F}") = "PetShop.Tests.Collections", "Source\PetShop.Tests\PetShop.Tests.Collections\PetShop.Tests.Collections.vbproj", "{F6C60C74-C106-4E26-8C59-73D92D3168BB}"
EndProject
Global
	GlobalSection(SolutionConfigurationPlatforms) = preSolution
		Debug|Any CPU = Debug|Any CPU
		Release|Any CPU = Release|Any CPU
		Testing|Any CPU = Testing|Any CPU
	EndGlobalSection
	GlobalSection(ProjectConfigurationPlatforms) = postSolution
		{E10044C4-3AC7-447A-9A53-5233058C11E7}.Debug|Any CPU.ActiveCfg = Debug|Any CPU
		{E10044C4-3AC7-447A-9A53-5233058C11E7}.Debug|Any CPU.Build.0 = Debug|Any CPU
		{E10044C4-3AC7-447A-9A53-5233058C11E7}.Release|Any CPU.ActiveCfg = Release|Any CPU
		{E10044C4-3AC7-447A-9A53-5233058C11E7}.Release|Any CPU.Build.0 = Release|Any CPU
		{E10044C4-3AC7-447A-9A53-5233058C11E7}.Testing|Any CPU.ActiveCfg = Release|Any CPU
		{4B6AFC84-E272-4442-AAB3-A3EFBF9380B9}.Debug|Any CPU.ActiveCfg = Debug|Any CPU
		{4B6AFC84-E272-4442-AAB3-A3EFBF9380B9}.Debug|Any CPU.Build.0 = Debug|Any CPU
		{4B6AFC84-E272-4442-AAB3-A3EFBF9380B9}.Release|Any CPU.ActiveCfg = Release|Any CPU
		{4B6AFC84-E272-4442-AAB3-A3EFBF9380B9}.Release|Any CPU.Build.0 = Release|Any CPU
		{4B6AFC84-E272-4442-AAB3-A3EFBF9380B9}.Testing|Any CPU.ActiveCfg = Release|Any CPU
		{7217E466-4728-4CF8-B736-CA65B779AA26}.Debug|Any CPU.ActiveCfg = Debug|Any CPU
		{7217E466-4728-4CF8-B736-CA65B779AA26}.Debug|Any CPU.Build.0 = Debug|Any CPU
		{7217E466-4728-4CF8-B736-CA65B779AA26}.Release|Any CPU.ActiveCfg = Release|Any CPU
		{7217E466-4728-4CF8-B736-CA65B779AA26}.Release|Any CPU.Build.0 = Release|Any CPU
		{7217E466-4728-4CF8-B736-CA65B779AA26}.Testing|Any CPU.ActiveCfg = Release|Any CPU
		{B5772F1F-5418-4C85-8C83-1BC333F19884}.Debug|Any CPU.ActiveCfg = Debug|Any CPU
		{B5772F1F-5418-4C85-8C83-1BC333F19884}.Debug|Any CPU.Build.0 = Debug|Any CPU
		{B5772F1F-5418-4C85-8C83-1BC333F19884}.Release|Any CPU.ActiveCfg = Release|Any CPU
		{B5772F1F-5418-4C85-8C83-1BC333F19884}.Release|Any CPU.Build.0 = Release|Any CPU
		{B5772F1F-5418-4C85-8C83-1BC333F19884}.Testing|Any CPU.ActiveCfg = Release|Any CPU
		{B5772F1F-5418-4C85-8C83-1BC333F19884}.Testing|Any CPU.Build.0 = Release|Any CPU
		{F6247C42-9359-44FC-9D11-68987437592A}.Debug|Any CPU.ActiveCfg = Debug|Any CPU
		{F6247C42-9359-44FC-9D11-68987437592A}.Debug|Any CPU.Build.0 = Debug|Any CPU
		{F6247C42-9359-44FC-9D11-68987437592A}.Release|Any CPU.ActiveCfg = Release|Any CPU
		{F6247C42-9359-44FC-9D11-68987437592A}.Release|Any CPU.Build.0 = Release|Any CPU
		{F6247C42-9359-44FC-9D11-68987437592A}.Testing|Any CPU.ActiveCfg = Release|Any CPU
		{C295CD95-0F4B-40EB-93AB-4B8CE811E5BD}.Debug|Any CPU.ActiveCfg = Debug|Any CPU
		{C295CD95-0F4B-40EB-93AB-4B8CE811E5BD}.Debug|Any CPU.Build.0 = Debug|Any CPU
		{C295CD95-0F4B-40EB-93AB-4B8CE811E5BD}.Release|Any CPU.ActiveCfg = Release|Any CPU
		{C295CD95-0F4B-40EB-93AB-4B8CE811E5BD}.Release|Any CPU.Build.0 = Release|Any CPU
		{C295CD95-0F4B-40EB-93AB-4B8CE811E5BD}.Testing|Any CPU.ActiveCfg = Release|Any CPU
		{81BE355E-E9DF-4242-A3C5-575489C54EC8}.Debug|Any CPU.ActiveCfg = Debug|Any CPU
		{81BE355E-E9DF-4242-A3C5-575489C54EC8}.Debug|Any CPU.Build.0 = Debug|Any CPU
		{81BE355E-E9DF-4242-A3C5-575489C54EC8}.Release|Any CPU.ActiveCfg = Release|Any CPU
		{81BE355E-E9DF-4242-A3C5-575489C54EC8}.Release|Any CPU.Build.0 = Release|Any CPU
		{81BE355E-E9DF-4242-A3C5-575489C54EC8}.Testing|Any CPU.ActiveCfg = Release|Any CPU
		{A90FEA37-AC13-4E98-811E-8632FC53214C}.Debug|Any CPU.ActiveCfg = Debug|Any CPU
		{A90FEA37-AC13-4E98-811E-8632FC53214C}.Debug|Any CPU.Build.0 = Debug|Any CPU
		{A90FEA37-AC13-4E98-811E-8632FC53214C}.Release|Any CPU.ActiveCfg = Release|Any CPU
		{A90FEA37-AC13-4E98-811E-8632FC53214C}.Release|Any CPU.Build.0 = Release|Any CPU
		{A90FEA37-AC13-4E98-811E-8632FC53214C}.Testing|Any CPU.ActiveCfg = Release|Any CPU
		{BDF9354E-2AB6-4BBC-883F-CF1575355959}.Debug|Any CPU.ActiveCfg = Debug|Any CPU
		{BDF9354E-2AB6-4BBC-883F-CF1575355959}.Debug|Any CPU.Build.0 = Debug|Any CPU
		{BDF9354E-2AB6-4BBC-883F-CF1575355959}.Release|Any CPU.ActiveCfg = Release|Any CPU
		{BDF9354E-2AB6-4BBC-883F-CF1575355959}.Release|Any CPU.Build.0 = Release|Any CPU
		{BDF9354E-2AB6-4BBC-883F-CF1575355959}.Testing|Any CPU.ActiveCfg = Release|Any CPU
		{F6C60C74-C106-4E26-8C59-73D92D3168BB}.Debug|Any CPU.ActiveCfg = Debug|Any CPU
		{F6C60C74-C106-4E26-8C59-73D92D3168BB}.Debug|Any CPU.Build.0 = Debug|Any CPU
		{F6C60C74-C106-4E26-8C59-73D92D3168BB}.Release|Any CPU.ActiveCfg = Release|Any CPU
		{F6C60C74-C106-4E26-8C59-73D92D3168BB}.Release|Any CPU.Build.0 = Release|Any CPU
		{F6C60C74-C106-4E26-8C59-73D92D3168BB}.Testing|Any CPU.ActiveCfg = Release|Any CPU
		{F6C60C74-C106-4E26-8C59-73D92D3168BB}.Testing|Any CPU.Build.0 = Release|Any CPU
	EndGlobalSection
	GlobalSection(SolutionProperties) = preSolution
		HideSolutionNode = FALSE
	EndGlobalSection
	GlobalSection(NestedProjects) = preSolution
		{9DFB3E97-F240-4C3A-AA22-C57437B119F2} = {7E47C618-143C-429C-883A-343DAC3203E0}
		{0B11D6C0-885E-4066-9DFA-2B398AE075DD} = {7E47C618-143C-429C-883A-343DAC3203E0}
		{B5772F1F-5418-4C85-8C83-1BC333F19884} = {7E47C618-143C-429C-883A-343DAC3203E0}
		{F6247C42-9359-44FC-9D11-68987437592A} = {7E47C618-143C-429C-883A-343DAC3203E0}
		{C295CD95-0F4B-40EB-93AB-4B8CE811E5BD} = {9DFB3E97-F240-4C3A-AA22-C57437B119F2}
		{81BE355E-E9DF-4242-A3C5-575489C54EC8} = {9DFB3E97-F240-4C3A-AA22-C57437B119F2}
		{A90FEA37-AC13-4E98-811E-8632FC53214C} = {9DFB3E97-F240-4C3A-AA22-C57437B119F2}
		{BDF9354E-2AB6-4BBC-883F-CF1575355959} = {9DFB3E97-F240-4C3A-AA22-C57437B119F2}
		{F6C60C74-C106-4E26-8C59-73D92D3168BB} = {0B11D6C0-885E-4066-9DFA-2B398AE075DD}
	EndGlobalSection
EndGlobal
