
Microsoft Visual Studio Solution File, Format Version 11.00
# Visual Studio 2010
Project("{FAE04EC0-301F-11D3-BF4B-00C04F79EFBC}") = "TypedDataSetSample", "TypedDataSetSample.csproj", "{0A2EDA6B-8C84-4136-8E2F-4815BAD10698}"
EndProject
Global
	GlobalSection(SolutionConfigurationPlatforms) = preSolution
		Debug|Any CPU = Debug|Any CPU
		Release|Any CPU = Release|Any CPU
	EndGlobalSection
	GlobalSection(ProjectConfigurationPlatforms) = postSolution
		{0A2EDA6B-8C84-4136-8E2F-4815BAD10698}.Debug|Any CPU.ActiveCfg = Debug|Any CPU
		{0A2EDA6B-8C84-4136-8E2F-4815BAD10698}.Debug|Any CPU.Build.0 = Debug|Any CPU
		{0A2EDA6B-8C84-4136-8E2F-4815BAD10698}.Release|Any CPU.ActiveCfg = Release|Any CPU
		{0A2EDA6B-8C84-4136-8E2F-4815BAD10698}.Release|Any CPU.Build.0 = Release|Any CPU
	EndGlobalSection
	GlobalSection(SolutionProperties) = preSolution
		HideSolutionNode = FALSE
	EndGlobalSection
EndGlobal
