
Microsoft Visual Studio Solution File, Format Version 10.00
# Visual Studio 2008
Project("{FAE04EC0-301F-11D3-BF4B-00C04F79EFBC}") = "PLINQO.Mvc.UI", "PLINQO.Mvc.UI\PLINQO.Mvc.UI.csproj", "{CCD7AA1F-0749-46C3-B552-97523A017C33}"
EndProject
Project("{FAE04EC0-301F-11D3-BF4B-00C04F79EFBC}") = "PLINQO.Tracker.Data", "PLINQO.Tracker.Data\PLINQO.Tracker.Data.csproj", "{2DF2FB49-6A04-4FD5-80D9-C662825787E3}"
EndProject
Project("{FAE04EC0-301F-11D3-BF4B-00C04F79EFBC}") = "PLINQO.Tracker.Tests", "PLINQO.Tracker.Tests\PLINQO.Tracker.Tests.csproj", "{6DEAD116-B10E-4E8D-8FCC-990841563796}"
EndProject
Project("{FAE04EC0-301F-11D3-BF4B-00C04F79EFBC}") = "PLINQO.Tracker.UI", "PLINQO.Tracker.UI\PLINQO.Tracker.UI.csproj", "{642C1142-00C3-4E96-9A66-6DB5105F7E2C}"
EndProject
Project("{FAE04EC0-301F-11D3-BF4B-00C04F79EFBC}") = "CodeSmith.Data", "Templates\PLINQO\Source\CodeSmith.Data\CodeSmith.Data.csproj", "{389DE9AF-2491-4C91-A3A3-FB15FFD8515B}"
EndProject
Global
	GlobalSection(SolutionConfigurationPlatforms) = preSolution
		Debug|Any CPU = Debug|Any CPU
		Release|Any CPU = Release|Any CPU
	EndGlobalSection
	GlobalSection(ProjectConfigurationPlatforms) = postSolution
		{CCD7AA1F-0749-46C3-B552-97523A017C33}.Debug|Any CPU.ActiveCfg = Debug|Any CPU
		{CCD7AA1F-0749-46C3-B552-97523A017C33}.Debug|Any CPU.Build.0 = Debug|Any CPU
		{CCD7AA1F-0749-46C3-B552-97523A017C33}.Release|Any CPU.ActiveCfg = Release|Any CPU
		{CCD7AA1F-0749-46C3-B552-97523A017C33}.Release|Any CPU.Build.0 = Release|Any CPU
		{2DF2FB49-6A04-4FD5-80D9-C662825787E3}.Debug|Any CPU.ActiveCfg = Debug|Any CPU
		{2DF2FB49-6A04-4FD5-80D9-C662825787E3}.Debug|Any CPU.Build.0 = Debug|Any CPU
		{2DF2FB49-6A04-4FD5-80D9-C662825787E3}.Release|Any CPU.ActiveCfg = Release|Any CPU
		{2DF2FB49-6A04-4FD5-80D9-C662825787E3}.Release|Any CPU.Build.0 = Release|Any CPU
		{6DEAD116-B10E-4E8D-8FCC-990841563796}.Debug|Any CPU.ActiveCfg = Debug|Any CPU
		{6DEAD116-B10E-4E8D-8FCC-990841563796}.Debug|Any CPU.Build.0 = Debug|Any CPU
		{6DEAD116-B10E-4E8D-8FCC-990841563796}.Release|Any CPU.ActiveCfg = Release|Any CPU
		{6DEAD116-B10E-4E8D-8FCC-990841563796}.Release|Any CPU.Build.0 = Release|Any CPU
		{642C1142-00C3-4E96-9A66-6DB5105F7E2C}.Debug|Any CPU.ActiveCfg = Debug|Any CPU
		{642C1142-00C3-4E96-9A66-6DB5105F7E2C}.Debug|Any CPU.Build.0 = Debug|Any CPU
		{642C1142-00C3-4E96-9A66-6DB5105F7E2C}.Release|Any CPU.ActiveCfg = Release|Any CPU
		{642C1142-00C3-4E96-9A66-6DB5105F7E2C}.Release|Any CPU.Build.0 = Release|Any CPU
		{389DE9AF-2491-4C91-A3A3-FB15FFD8515B}.Debug|Any CPU.ActiveCfg = Debug|Any CPU
		{389DE9AF-2491-4C91-A3A3-FB15FFD8515B}.Debug|Any CPU.Build.0 = Debug|Any CPU
		{389DE9AF-2491-4C91-A3A3-FB15FFD8515B}.Release|Any CPU.ActiveCfg = Release|Any CPU
		{389DE9AF-2491-4C91-A3A3-FB15FFD8515B}.Release|Any CPU.Build.0 = Release|Any CPU
	EndGlobalSection
	GlobalSection(SolutionProperties) = preSolution
		HideSolutionNode = FALSE
	EndGlobalSection
EndGlobal
