
Microsoft Visual Studio Solution File, Format Version 10.00
# Visual Studio 2008
Project("{FAE04EC0-301F-11D3-BF4B-00C04F79EFBC}") = "QuickStart", "QuickStart\QuickStart.csproj", "{2143D00C-842D-4B62-82E9-95D262A6F88E}"
EndProject
Project("{FAE04EC0-301F-11D3-BF4B-00C04F79EFBC}") = "CodeSmith.SchemaHelper", "CodeSmith.SchemaHelper\CodeSmith.SchemaHelper.csproj", "{29F4357A-A92D-458F-A266-A7231E75DA52}"
EndProject
Project("{2150E333-8FDC-42A3-9474-1A3956D46DE8}") = "Solution Items", "Solution Items", "{A3DD79D2-92AD-4BAF-893F-7230A4A7D1E6}"
	ProjectSection(SolutionItems) = preProject
		..\QuickStart.cst = ..\QuickStart.cst
		..\Readme.html = ..\Readme.html
	EndProjectSection
EndProject
Project("{2150E333-8FDC-42A3-9474-1A3956D46DE8}") = "CSharp", "CSharp", "{06C6ADF6-C3DB-4ABC-948E-1705702DD07C}"
EndProject
Project("{2150E333-8FDC-42A3-9474-1A3956D46DE8}") = "BusinessLayer", "BusinessLayer", "{999286CE-0FB7-4622-8D09-EA068B9778DE}"
	ProjectSection(SolutionItems) = preProject
		..\CSharp\BusinessLayer\CommandObject.cst = ..\CSharp\BusinessLayer\CommandObject.cst
		..\CSharp\BusinessLayer\Criteria.cst = ..\CSharp\BusinessLayer\Criteria.cst
		..\CSharp\BusinessLayer\DynamicRoot.cst = ..\CSharp\BusinessLayer\DynamicRoot.cst
		..\CSharp\BusinessLayer\DynamicRootList.cst = ..\CSharp\BusinessLayer\DynamicRootList.cst
		..\CSharp\BusinessLayer\EditableChild.cst = ..\CSharp\BusinessLayer\EditableChild.cst
		..\CSharp\BusinessLayer\EditableChildList.cst = ..\CSharp\BusinessLayer\EditableChildList.cst
		..\CSharp\BusinessLayer\EditableRoot.cst = ..\CSharp\BusinessLayer\EditableRoot.cst
		..\CSharp\BusinessLayer\EditableRootList.cst = ..\CSharp\BusinessLayer\EditableRootList.cst
		..\CSharp\BusinessLayer\Entities.cst = ..\CSharp\BusinessLayer\Entities.cst
		..\CSharp\BusinessLayer\NameValueList.cst = ..\CSharp\BusinessLayer\NameValueList.cst
		..\CSharp\BusinessLayer\ReadOnlyChild.cst = ..\CSharp\BusinessLayer\ReadOnlyChild.cst
		..\CSharp\BusinessLayer\ReadOnlyChildList.cst = ..\CSharp\BusinessLayer\ReadOnlyChildList.cst
		..\CSharp\BusinessLayer\ReadOnlyList.cst = ..\CSharp\BusinessLayer\ReadOnlyList.cst
		..\CSharp\BusinessLayer\ReadOnlyRoot.cst = ..\CSharp\BusinessLayer\ReadOnlyRoot.cst
		..\CSharp\BusinessLayer\SwitchableObject.cst = ..\CSharp\BusinessLayer\SwitchableObject.cst
	EndProjectSection
EndProject
Project("{2150E333-8FDC-42A3-9474-1A3956D46DE8}") = "DataAccessLayer", "DataAccessLayer", "{C2E439BE-629B-4069-9A36-A61F1D793E94}"
	ProjectSection(SolutionItems) = preProject
		..\CSharp\DataAccessLayer\DataAccessLayer.cst = ..\CSharp\DataAccessLayer\DataAccessLayer.cst
	EndProjectSection
EndProject
Project("{2150E333-8FDC-42A3-9474-1A3956D46DE8}") = "Internal", "Internal", "{670B086B-ECFC-4769-85FC-FA19DC00E5B9}"
	ProjectSection(SolutionItems) = preProject
		..\CSharp\BusinessLayer\Internal\ADOHelper.cst = ..\CSharp\BusinessLayer\Internal\ADOHelper.cst
		..\CSharp\BusinessLayer\Internal\CommandObject.cst = ..\CSharp\BusinessLayer\Internal\CommandObject.cst
		..\CSharp\BusinessLayer\Internal\CommandObject.DataAccess.cst = ..\CSharp\BusinessLayer\Internal\CommandObject.DataAccess.cst
		..\CSharp\BusinessLayer\Internal\CommandObject.Generated.cst = ..\CSharp\BusinessLayer\Internal\CommandObject.Generated.cst
		..\CSharp\BusinessLayer\Internal\Criteria.cst = ..\CSharp\BusinessLayer\Internal\Criteria.cst
		..\CSharp\BusinessLayer\Internal\Criteria.Generated.cst = ..\CSharp\BusinessLayer\Internal\Criteria.Generated.cst
		..\CSharp\BusinessLayer\Internal\DynamicRoot.cst = ..\CSharp\BusinessLayer\Internal\DynamicRoot.cst
		..\CSharp\BusinessLayer\Internal\DynamicRoot.DataAccess.cst = ..\CSharp\BusinessLayer\Internal\DynamicRoot.DataAccess.cst
		..\CSharp\BusinessLayer\Internal\DynamicRoot.DataAccess.ParameterizedSQL.cst = ..\CSharp\BusinessLayer\Internal\DynamicRoot.DataAccess.ParameterizedSQL.cst
		..\CSharp\BusinessLayer\Internal\DynamicRoot.DataAccess.StoredProcedures.cst = ..\CSharp\BusinessLayer\Internal\DynamicRoot.DataAccess.StoredProcedures.cst
		..\CSharp\BusinessLayer\Internal\DynamicRoot.Generated.cst = ..\CSharp\BusinessLayer\Internal\DynamicRoot.Generated.cst
		..\CSharp\BusinessLayer\Internal\DynamicRootList.cst = ..\CSharp\BusinessLayer\Internal\DynamicRootList.cst
		..\CSharp\BusinessLayer\Internal\DynamicRootList.DataAccess.cst = ..\CSharp\BusinessLayer\Internal\DynamicRootList.DataAccess.cst
		..\CSharp\BusinessLayer\Internal\DynamicRootList.DataAccess.ParameterizedSQL.cst = ..\CSharp\BusinessLayer\Internal\DynamicRootList.DataAccess.ParameterizedSQL.cst
		..\CSharp\BusinessLayer\Internal\DynamicRootList.DataAccess.StoredProcedures.cst = ..\CSharp\BusinessLayer\Internal\DynamicRootList.DataAccess.StoredProcedures.cst
		..\CSharp\BusinessLayer\Internal\DynamicRootList.Generated.cst = ..\CSharp\BusinessLayer\Internal\DynamicRootList.Generated.cst
		..\CSharp\BusinessLayer\Internal\EditableChild.cst = ..\CSharp\BusinessLayer\Internal\EditableChild.cst
		..\CSharp\BusinessLayer\Internal\EditableChild.DataAccess.cst = ..\CSharp\BusinessLayer\Internal\EditableChild.DataAccess.cst
		..\CSharp\BusinessLayer\Internal\EditableChild.DataAccess.ParameterizedSQL.cst = ..\CSharp\BusinessLayer\Internal\EditableChild.DataAccess.ParameterizedSQL.cst
		..\CSharp\BusinessLayer\Internal\EditableChild.DataAccess.StoredProcedures.cst = ..\CSharp\BusinessLayer\Internal\EditableChild.DataAccess.StoredProcedures.cst
		..\CSharp\BusinessLayer\Internal\EditableChild.Generated.cst = ..\CSharp\BusinessLayer\Internal\EditableChild.Generated.cst
		..\CSharp\BusinessLayer\Internal\EditableChildList.cst = ..\CSharp\BusinessLayer\Internal\EditableChildList.cst
		..\CSharp\BusinessLayer\Internal\EditableChildList.DataAccess.cst = ..\CSharp\BusinessLayer\Internal\EditableChildList.DataAccess.cst
		..\CSharp\BusinessLayer\Internal\EditableChildList.DataAccess.ParameterizedSQL.cst = ..\CSharp\BusinessLayer\Internal\EditableChildList.DataAccess.ParameterizedSQL.cst
		..\CSharp\BusinessLayer\Internal\EditableChildList.DataAccess.StoredProcedures.cst = ..\CSharp\BusinessLayer\Internal\EditableChildList.DataAccess.StoredProcedures.cst
		..\CSharp\BusinessLayer\Internal\EditableChildList.Generated.cst = ..\CSharp\BusinessLayer\Internal\EditableChildList.Generated.cst
		..\CSharp\BusinessLayer\Internal\EditableRoot.cst = ..\CSharp\BusinessLayer\Internal\EditableRoot.cst
		..\CSharp\BusinessLayer\Internal\EditableRoot.DataAccess.cst = ..\CSharp\BusinessLayer\Internal\EditableRoot.DataAccess.cst
		..\CSharp\BusinessLayer\Internal\EditableRoot.DataAccess.ParameterizedSQL.cst = ..\CSharp\BusinessLayer\Internal\EditableRoot.DataAccess.ParameterizedSQL.cst
		..\CSharp\BusinessLayer\Internal\EditableRoot.DataAccess.StoredProcedures.cst = ..\CSharp\BusinessLayer\Internal\EditableRoot.DataAccess.StoredProcedures.cst
		..\CSharp\BusinessLayer\Internal\EditableRoot.Generated.cst = ..\CSharp\BusinessLayer\Internal\EditableRoot.Generated.cst
		..\CSharp\BusinessLayer\Internal\EditableRootList.cst = ..\CSharp\BusinessLayer\Internal\EditableRootList.cst
		..\CSharp\BusinessLayer\Internal\EditableRootList.DataAccess.cst = ..\CSharp\BusinessLayer\Internal\EditableRootList.DataAccess.cst
		..\CSharp\BusinessLayer\Internal\EditableRootList.DataAccess.ParameterizedSQL.cst = ..\CSharp\BusinessLayer\Internal\EditableRootList.DataAccess.ParameterizedSQL.cst
		..\CSharp\BusinessLayer\Internal\EditableRootList.DataAccess.StoredProcedures.cst = ..\CSharp\BusinessLayer\Internal\EditableRootList.DataAccess.StoredProcedures.cst
		..\CSharp\BusinessLayer\Internal\EditableRootList.Generated.cst = ..\CSharp\BusinessLayer\Internal\EditableRootList.Generated.cst
		..\CSharp\BusinessLayer\Internal\FactoryNames.cst = ..\CSharp\BusinessLayer\Internal\FactoryNames.cst
		..\CSharp\BusinessLayer\Internal\NameValueList.cst = ..\CSharp\BusinessLayer\Internal\NameValueList.cst
		..\CSharp\BusinessLayer\Internal\NameValueList.DataAccess.cst = ..\CSharp\BusinessLayer\Internal\NameValueList.DataAccess.cst
		..\CSharp\BusinessLayer\Internal\NameValueList.Generated.cst = ..\CSharp\BusinessLayer\Internal\NameValueList.Generated.cst
		..\CSharp\BusinessLayer\Internal\ReadOnlyChild.cst = ..\CSharp\BusinessLayer\Internal\ReadOnlyChild.cst
		..\CSharp\BusinessLayer\Internal\ReadOnlyChild.DataAccess.cst = ..\CSharp\BusinessLayer\Internal\ReadOnlyChild.DataAccess.cst
		..\CSharp\BusinessLayer\Internal\ReadOnlyChild.DataAccess.ParameterizedSQL.cst = ..\CSharp\BusinessLayer\Internal\ReadOnlyChild.DataAccess.ParameterizedSQL.cst
		..\CSharp\BusinessLayer\Internal\ReadOnlyChild.DataAccess.StoredProcedures.cst = ..\CSharp\BusinessLayer\Internal\ReadOnlyChild.DataAccess.StoredProcedures.cst
		..\CSharp\BusinessLayer\Internal\ReadOnlyChild.Generated.cst = ..\CSharp\BusinessLayer\Internal\ReadOnlyChild.Generated.cst
		..\CSharp\BusinessLayer\Internal\ReadOnlyChildList.cst = ..\CSharp\BusinessLayer\Internal\ReadOnlyChildList.cst
		..\CSharp\BusinessLayer\Internal\ReadOnlyChildList.DataAccess.cst = ..\CSharp\BusinessLayer\Internal\ReadOnlyChildList.DataAccess.cst
		..\CSharp\BusinessLayer\Internal\ReadOnlyChildList.DataAccess.ParameterizedSQL.cst = ..\CSharp\BusinessLayer\Internal\ReadOnlyChildList.DataAccess.ParameterizedSQL.cst
		..\CSharp\BusinessLayer\Internal\ReadOnlyChildList.DataAccess.StoredProcedures.cst = ..\CSharp\BusinessLayer\Internal\ReadOnlyChildList.DataAccess.StoredProcedures.cst
		..\CSharp\BusinessLayer\Internal\ReadOnlyChildList.Generated.cst = ..\CSharp\BusinessLayer\Internal\ReadOnlyChildList.Generated.cst
		..\CSharp\BusinessLayer\Internal\ReadOnlyList.cst = ..\CSharp\BusinessLayer\Internal\ReadOnlyList.cst
		..\CSharp\BusinessLayer\Internal\ReadOnlyList.DataAccess.cst = ..\CSharp\BusinessLayer\Internal\ReadOnlyList.DataAccess.cst
		..\CSharp\BusinessLayer\Internal\ReadOnlyList.DataAccess.ParameterizedSQL.cst = ..\CSharp\BusinessLayer\Internal\ReadOnlyList.DataAccess.ParameterizedSQL.cst
		..\CSharp\BusinessLayer\Internal\ReadOnlyList.DataAccess.StoredProcedures.cst = ..\CSharp\BusinessLayer\Internal\ReadOnlyList.DataAccess.StoredProcedures.cst
		..\CSharp\BusinessLayer\Internal\ReadOnlyList.Generated.cst = ..\CSharp\BusinessLayer\Internal\ReadOnlyList.Generated.cst
		..\CSharp\BusinessLayer\Internal\ReadOnlyRoot.cst = ..\CSharp\BusinessLayer\Internal\ReadOnlyRoot.cst
		..\CSharp\BusinessLayer\Internal\ReadOnlyRoot.DataAccess.cst = ..\CSharp\BusinessLayer\Internal\ReadOnlyRoot.DataAccess.cst
		..\CSharp\BusinessLayer\Internal\ReadOnlyRoot.DataAccess.ParameterizedSQL.cst = ..\CSharp\BusinessLayer\Internal\ReadOnlyRoot.DataAccess.ParameterizedSQL.cst
		..\CSharp\BusinessLayer\Internal\ReadOnlyRoot.DataAccess.StoredProcedures.cst = ..\CSharp\BusinessLayer\Internal\ReadOnlyRoot.DataAccess.StoredProcedures.cst
		..\CSharp\BusinessLayer\Internal\ReadOnlyRoot.Generated.cst = ..\CSharp\BusinessLayer\Internal\ReadOnlyRoot.Generated.cst
		..\CSharp\BusinessLayer\Internal\SwitchableObject.cst = ..\CSharp\BusinessLayer\Internal\SwitchableObject.cst
		..\CSharp\BusinessLayer\Internal\SwitchableObject.DataAccess.cst = ..\CSharp\BusinessLayer\Internal\SwitchableObject.DataAccess.cst
		..\CSharp\BusinessLayer\Internal\SwitchableObject.DataAccess.ParameterizedSQL.cst = ..\CSharp\BusinessLayer\Internal\SwitchableObject.DataAccess.ParameterizedSQL.cst
		..\CSharp\BusinessLayer\Internal\SwitchableObject.DataAccess.StoredProcedures.cst = ..\CSharp\BusinessLayer\Internal\SwitchableObject.DataAccess.StoredProcedures.cst
		..\CSharp\BusinessLayer\Internal\SwitchableObject.Generated.cst = ..\CSharp\BusinessLayer\Internal\SwitchableObject.Generated.cst
	EndProjectSection
EndProject
Project("{2150E333-8FDC-42A3-9474-1A3956D46DE8}") = "VB", "VB", "{580D643C-0950-4C43-BF66-4724D24C673D}"
EndProject
Project("{2150E333-8FDC-42A3-9474-1A3956D46DE8}") = "BusinessLayer", "BusinessLayer", "{8AF4CEEA-7B24-40A5-87C2-1A934E4A0F54}"
	ProjectSection(SolutionItems) = preProject
		..\VisualBasic\BusinessLayer\CommandObject.cst = ..\VisualBasic\BusinessLayer\CommandObject.cst
		..\VisualBasic\BusinessLayer\Criteria.cst = ..\VisualBasic\BusinessLayer\Criteria.cst
		..\VisualBasic\BusinessLayer\DynamicRoot.cst = ..\VisualBasic\BusinessLayer\DynamicRoot.cst
		..\VisualBasic\BusinessLayer\DynamicRootList.cst = ..\VisualBasic\BusinessLayer\DynamicRootList.cst
		..\VisualBasic\BusinessLayer\EditableChild.cst = ..\VisualBasic\BusinessLayer\EditableChild.cst
		..\VisualBasic\BusinessLayer\EditableChildList.cst = ..\VisualBasic\BusinessLayer\EditableChildList.cst
		..\VisualBasic\BusinessLayer\EditableRoot.cst = ..\VisualBasic\BusinessLayer\EditableRoot.cst
		..\VisualBasic\BusinessLayer\EditableRootList.cst = ..\VisualBasic\BusinessLayer\EditableRootList.cst
		..\VisualBasic\BusinessLayer\Entities.cst = ..\VisualBasic\BusinessLayer\Entities.cst
		..\VisualBasic\BusinessLayer\NameValueList.cst = ..\VisualBasic\BusinessLayer\NameValueList.cst
		..\VisualBasic\BusinessLayer\ReadOnlyChild.cst = ..\VisualBasic\BusinessLayer\ReadOnlyChild.cst
		..\VisualBasic\BusinessLayer\ReadOnlyChildList.cst = ..\VisualBasic\BusinessLayer\ReadOnlyChildList.cst
		..\VisualBasic\BusinessLayer\ReadOnlyList.cst = ..\VisualBasic\BusinessLayer\ReadOnlyList.cst
		..\VisualBasic\BusinessLayer\ReadOnlyRoot.cst = ..\VisualBasic\BusinessLayer\ReadOnlyRoot.cst
		..\VisualBasic\BusinessLayer\SwitchableObject.cst = ..\VisualBasic\BusinessLayer\SwitchableObject.cst
	EndProjectSection
EndProject
Project("{2150E333-8FDC-42A3-9474-1A3956D46DE8}") = "Internal", "Internal", "{D033080D-12D9-4DC3-91CB-274675B2BC80}"
	ProjectSection(SolutionItems) = preProject
		..\VisualBasic\BusinessLayer\Internal\ADOHelper.cst = ..\VisualBasic\BusinessLayer\Internal\ADOHelper.cst
		..\VisualBasic\BusinessLayer\Internal\CommandObject.cst = ..\VisualBasic\BusinessLayer\Internal\CommandObject.cst
		..\VisualBasic\BusinessLayer\Internal\CommandObject.DataAccess.cst = ..\VisualBasic\BusinessLayer\Internal\CommandObject.DataAccess.cst
		..\VisualBasic\BusinessLayer\Internal\CommandObject.Generated.cst = ..\VisualBasic\BusinessLayer\Internal\CommandObject.Generated.cst
		..\VisualBasic\BusinessLayer\Internal\Criteria.cst = ..\VisualBasic\BusinessLayer\Internal\Criteria.cst
		..\VisualBasic\BusinessLayer\Internal\Criteria.Generated.cst = ..\VisualBasic\BusinessLayer\Internal\Criteria.Generated.cst
		..\VisualBasic\BusinessLayer\Internal\DynamicRoot.cst = ..\VisualBasic\BusinessLayer\Internal\DynamicRoot.cst
		..\VisualBasic\BusinessLayer\Internal\DynamicRoot.DataAccess.cst = ..\VisualBasic\BusinessLayer\Internal\DynamicRoot.DataAccess.cst
		..\VisualBasic\BusinessLayer\Internal\DynamicRoot.DataAccess.ParameterizedSQL.cst = ..\VisualBasic\BusinessLayer\Internal\DynamicRoot.DataAccess.ParameterizedSQL.cst
		..\VisualBasic\BusinessLayer\Internal\DynamicRoot.Generated.cst = ..\VisualBasic\BusinessLayer\Internal\DynamicRoot.Generated.cst
		..\VisualBasic\BusinessLayer\Internal\DynamicRootList.cst = ..\VisualBasic\BusinessLayer\Internal\DynamicRootList.cst
		..\VisualBasic\BusinessLayer\Internal\DynamicRootList.DataAccess.cst = ..\VisualBasic\BusinessLayer\Internal\DynamicRootList.DataAccess.cst
		..\VisualBasic\BusinessLayer\Internal\DynamicRootList.DataAccess.ParameterizedSQL.cst = ..\VisualBasic\BusinessLayer\Internal\DynamicRootList.DataAccess.ParameterizedSQL.cst
		..\VisualBasic\BusinessLayer\Internal\DynamicRootList.Generated.cst = ..\VisualBasic\BusinessLayer\Internal\DynamicRootList.Generated.cst
		..\VisualBasic\BusinessLayer\Internal\EditableChild.cst = ..\VisualBasic\BusinessLayer\Internal\EditableChild.cst
		..\VisualBasic\BusinessLayer\Internal\EditableChild.DataAccess.cst = ..\VisualBasic\BusinessLayer\Internal\EditableChild.DataAccess.cst
		..\VisualBasic\BusinessLayer\Internal\EditableChild.DataAccess.ParameterizedSQL.cst = ..\VisualBasic\BusinessLayer\Internal\EditableChild.DataAccess.ParameterizedSQL.cst
		..\VisualBasic\BusinessLayer\Internal\EditableChild.Generated.cst = ..\VisualBasic\BusinessLayer\Internal\EditableChild.Generated.cst
		..\VisualBasic\BusinessLayer\Internal\EditableChildList.cst = ..\VisualBasic\BusinessLayer\Internal\EditableChildList.cst
		..\VisualBasic\BusinessLayer\Internal\EditableChildList.DataAccess.cst = ..\VisualBasic\BusinessLayer\Internal\EditableChildList.DataAccess.cst
		..\VisualBasic\BusinessLayer\Internal\EditableChildList.DataAccess.ParameterizedSQL.cst = ..\VisualBasic\BusinessLayer\Internal\EditableChildList.DataAccess.ParameterizedSQL.cst
		..\VisualBasic\BusinessLayer\Internal\EditableChildList.Generated.cst = ..\VisualBasic\BusinessLayer\Internal\EditableChildList.Generated.cst
		..\VisualBasic\BusinessLayer\Internal\EditableRoot.cst = ..\VisualBasic\BusinessLayer\Internal\EditableRoot.cst
		..\VisualBasic\BusinessLayer\Internal\EditableRoot.DataAccess.cst = ..\VisualBasic\BusinessLayer\Internal\EditableRoot.DataAccess.cst
		..\VisualBasic\BusinessLayer\Internal\EditableRoot.DataAccess.ParameterizedSQL.cst = ..\VisualBasic\BusinessLayer\Internal\EditableRoot.DataAccess.ParameterizedSQL.cst
		..\VisualBasic\BusinessLayer\Internal\EditableRoot.Generated.cst = ..\VisualBasic\BusinessLayer\Internal\EditableRoot.Generated.cst
		..\VisualBasic\BusinessLayer\Internal\EditableRootList.cst = ..\VisualBasic\BusinessLayer\Internal\EditableRootList.cst
		..\VisualBasic\BusinessLayer\Internal\EditableRootList.DataAccess.cst = ..\VisualBasic\BusinessLayer\Internal\EditableRootList.DataAccess.cst
		..\VisualBasic\BusinessLayer\Internal\EditableRootList.DataAccess.ParameterizedSQL.cst = ..\VisualBasic\BusinessLayer\Internal\EditableRootList.DataAccess.ParameterizedSQL.cst
		..\VisualBasic\BusinessLayer\Internal\EditableRootList.Generated.cst = ..\VisualBasic\BusinessLayer\Internal\EditableRootList.Generated.cst
		..\VisualBasic\BusinessLayer\Internal\NameValueList.cst = ..\VisualBasic\BusinessLayer\Internal\NameValueList.cst
		..\VisualBasic\BusinessLayer\Internal\NameValueList.DataAccess.cst = ..\VisualBasic\BusinessLayer\Internal\NameValueList.DataAccess.cst
		..\VisualBasic\BusinessLayer\Internal\NameValueList.Generated.cst = ..\VisualBasic\BusinessLayer\Internal\NameValueList.Generated.cst
		..\VisualBasic\BusinessLayer\Internal\ReadOnlyChild.cst = ..\VisualBasic\BusinessLayer\Internal\ReadOnlyChild.cst
		..\VisualBasic\BusinessLayer\Internal\ReadOnlyChild.DataAccess.cst = ..\VisualBasic\BusinessLayer\Internal\ReadOnlyChild.DataAccess.cst
		..\VisualBasic\BusinessLayer\Internal\ReadOnlyChild.DataAccess.ParameterizedSQL.cst = ..\VisualBasic\BusinessLayer\Internal\ReadOnlyChild.DataAccess.ParameterizedSQL.cst
		..\VisualBasic\BusinessLayer\Internal\ReadOnlyChild.Generated.cst = ..\VisualBasic\BusinessLayer\Internal\ReadOnlyChild.Generated.cst
		..\VisualBasic\BusinessLayer\Internal\ReadOnlyChildList.cst = ..\VisualBasic\BusinessLayer\Internal\ReadOnlyChildList.cst
		..\VisualBasic\BusinessLayer\Internal\ReadOnlyChildList.DataAccess.cst = ..\VisualBasic\BusinessLayer\Internal\ReadOnlyChildList.DataAccess.cst
		..\VisualBasic\BusinessLayer\Internal\ReadOnlyChildList.DataAccess.ParameterizedSQL.cst = ..\VisualBasic\BusinessLayer\Internal\ReadOnlyChildList.DataAccess.ParameterizedSQL.cst
		..\VisualBasic\BusinessLayer\Internal\ReadOnlyChildList.Generated.cst = ..\VisualBasic\BusinessLayer\Internal\ReadOnlyChildList.Generated.cst
		..\VisualBasic\BusinessLayer\Internal\ReadOnlyList.cst = ..\VisualBasic\BusinessLayer\Internal\ReadOnlyList.cst
		..\VisualBasic\BusinessLayer\Internal\ReadOnlyList.DataAccess.cst = ..\VisualBasic\BusinessLayer\Internal\ReadOnlyList.DataAccess.cst
		..\VisualBasic\BusinessLayer\Internal\ReadOnlyList.DataAccess.ParameterizedSQL.cst = ..\VisualBasic\BusinessLayer\Internal\ReadOnlyList.DataAccess.ParameterizedSQL.cst
		..\VisualBasic\BusinessLayer\Internal\ReadOnlyList.Generated.cst = ..\VisualBasic\BusinessLayer\Internal\ReadOnlyList.Generated.cst
		..\VisualBasic\BusinessLayer\Internal\ReadOnlyRoot.cst = ..\VisualBasic\BusinessLayer\Internal\ReadOnlyRoot.cst
		..\VisualBasic\BusinessLayer\Internal\ReadOnlyRoot.DataAccess.cst = ..\VisualBasic\BusinessLayer\Internal\ReadOnlyRoot.DataAccess.cst
		..\VisualBasic\BusinessLayer\Internal\ReadOnlyRoot.DataAccess.ParameterizedSQL.cst = ..\VisualBasic\BusinessLayer\Internal\ReadOnlyRoot.DataAccess.ParameterizedSQL.cst
		..\VisualBasic\BusinessLayer\Internal\ReadOnlyRoot.Generated.cst = ..\VisualBasic\BusinessLayer\Internal\ReadOnlyRoot.Generated.cst
		..\VisualBasic\BusinessLayer\Internal\SwitchableObject.cst = ..\VisualBasic\BusinessLayer\Internal\SwitchableObject.cst
		..\VisualBasic\BusinessLayer\Internal\SwitchableObject.DataAccess.cst = ..\VisualBasic\BusinessLayer\Internal\SwitchableObject.DataAccess.cst
		..\VisualBasic\BusinessLayer\Internal\SwitchableObject.DataAccess.ParameterizedSQL.cst = ..\VisualBasic\BusinessLayer\Internal\SwitchableObject.DataAccess.ParameterizedSQL.cst
		..\VisualBasic\BusinessLayer\Internal\SwitchableObject.Generated.cst = ..\VisualBasic\BusinessLayer\Internal\SwitchableObject.Generated.cst
	EndProjectSection
EndProject
Project("{2150E333-8FDC-42A3-9474-1A3956D46DE8}") = "WebLayer", "WebLayer", "{B3F774E2-9D8D-4780-A9F5-D54958DEF3E8}"
	ProjectSection(SolutionItems) = preProject
		..\VisualBasic\WebLayer\Default.aspx.cst = ..\VisualBasic\WebLayer\Default.aspx.cst
	EndProjectSection
EndProject
Project("{2150E333-8FDC-42A3-9474-1A3956D46DE8}") = "DataAccessLayer", "DataAccessLayer", "{AB7EA04C-C7E9-447A-9277-B677409B54BA}"
	ProjectSection(SolutionItems) = preProject
		..\VisualBasic\DataAccessLayer\DataAccessLayer.cst = ..\VisualBasic\DataAccessLayer\DataAccessLayer.cst
	EndProjectSection
EndProject
Project("{2150E333-8FDC-42A3-9474-1A3956D46DE8}") = "Internal", "Internal", "{1EBCD6D8-6E9E-41EB-8968-F1ABAD8CB1CE}"
EndProject
Project("{2150E333-8FDC-42A3-9474-1A3956D46DE8}") = "Internal", "Internal", "{AA24549B-F016-4588-9AE9-3A503B4DAD79}"
	ProjectSection(SolutionItems) = preProject
		..\VisualBasic\WebLayer\Internal\Default.aspx.cst = ..\VisualBasic\WebLayer\Internal\Default.aspx.cst
		..\VisualBasic\WebLayer\Internal\Default.aspx.vb.cst = ..\VisualBasic\WebLayer\Internal\Default.aspx.vb.cst
	EndProjectSection
EndProject
Project("{FAE04EC0-301F-11D3-BF4B-00C04F79EFBC}") = "CodeSmith.SchemaHelper.Tests", "CodeSmith.SchemaHelper.Tests\CodeSmith.SchemaHelper.Tests.csproj", "{209FCE36-FF4D-45C0-991A-D96B86ED3F1A}"
EndProject
Project("{2150E333-8FDC-42A3-9474-1A3956D46DE8}") = "Internal", "Internal", "{E90645D8-091B-47CE-9E4E-9528A4AB0C72}"
	ProjectSection(SolutionItems) = preProject
		..\CSharp\DataAccessLayer\Internal\ADOHelper.cst = ..\CSharp\DataAccessLayer\Internal\ADOHelper.cst
		..\CSharp\DataAccessLayer\Internal\ObjectFactory.cst = ..\CSharp\DataAccessLayer\Internal\ObjectFactory.cst
		..\CSharp\DataAccessLayer\Internal\ObjectFactory.DataAccess.cst = ..\CSharp\DataAccessLayer\Internal\ObjectFactory.DataAccess.cst
		..\CSharp\DataAccessLayer\Internal\ObjectFactory.DataAccess.ParameterizedSQL.cst = ..\CSharp\DataAccessLayer\Internal\ObjectFactory.DataAccess.ParameterizedSQL.cst
		..\CSharp\DataAccessLayer\Internal\ObjectFactory.DataAccess.StoredProcedures.cst = ..\CSharp\DataAccessLayer\Internal\ObjectFactory.DataAccess.StoredProcedures.cst
		..\CSharp\DataAccessLayer\Internal\SQLStoredProcedures.cst = ..\CSharp\DataAccessLayer\Internal\SQLStoredProcedures.cst
	EndProjectSection
EndProject
Project("{2150E333-8FDC-42A3-9474-1A3956D46DE8}") = "WebLayer", "WebLayer", "{14CC4B24-5ED7-4819-9610-8B5AD619FAD4}"
	ProjectSection(SolutionItems) = preProject
		..\CSharp\WebLayer\Default.aspx.cst = ..\CSharp\WebLayer\Default.aspx.cst
	EndProjectSection
EndProject
Project("{2150E333-8FDC-42A3-9474-1A3956D46DE8}") = "Internal", "Internal", "{19D60463-EC4B-4A64-9186-20C9B34A8F92}"
	ProjectSection(SolutionItems) = preProject
		..\CSharp\WebLayer\Internal\Default.aspx.cs.cst = ..\CSharp\WebLayer\Internal\Default.aspx.cs.cst
		..\CSharp\WebLayer\Internal\Default.aspx.cst = ..\CSharp\WebLayer\Internal\Default.aspx.cst
		..\CSharp\WebLayer\Internal\Default.aspx.designer.cs.cst = ..\CSharp\WebLayer\Internal\Default.aspx.designer.cs.cst
	EndProjectSection
EndProject
Global
	GlobalSection(SolutionConfigurationPlatforms) = preSolution
		Debug|Any CPU = Debug|Any CPU
		Debug|x86 = Debug|x86
		Release|Any CPU = Release|Any CPU
		Release|x86 = Release|x86
		Testing|Any CPU = Testing|Any CPU
		Testing|x86 = Testing|x86
	EndGlobalSection
	GlobalSection(ProjectConfigurationPlatforms) = postSolution
		{2143D00C-842D-4B62-82E9-95D262A6F88E}.Debug|Any CPU.ActiveCfg = Debug|Any CPU
		{2143D00C-842D-4B62-82E9-95D262A6F88E}.Debug|Any CPU.Build.0 = Debug|Any CPU
		{2143D00C-842D-4B62-82E9-95D262A6F88E}.Debug|x86.ActiveCfg = Debug|x86
		{2143D00C-842D-4B62-82E9-95D262A6F88E}.Debug|x86.Build.0 = Debug|x86
		{2143D00C-842D-4B62-82E9-95D262A6F88E}.Release|Any CPU.ActiveCfg = Release|Any CPU
		{2143D00C-842D-4B62-82E9-95D262A6F88E}.Release|Any CPU.Build.0 = Release|Any CPU
		{2143D00C-842D-4B62-82E9-95D262A6F88E}.Release|x86.ActiveCfg = Release|x86
		{2143D00C-842D-4B62-82E9-95D262A6F88E}.Release|x86.Build.0 = Release|x86
		{2143D00C-842D-4B62-82E9-95D262A6F88E}.Testing|Any CPU.ActiveCfg = Release|Any CPU
		{2143D00C-842D-4B62-82E9-95D262A6F88E}.Testing|Any CPU.Build.0 = Release|Any CPU
		{2143D00C-842D-4B62-82E9-95D262A6F88E}.Testing|x86.ActiveCfg = Release|x86
		{2143D00C-842D-4B62-82E9-95D262A6F88E}.Testing|x86.Build.0 = Release|x86
		{29F4357A-A92D-458F-A266-A7231E75DA52}.Debug|Any CPU.ActiveCfg = Debug|Any CPU
		{29F4357A-A92D-458F-A266-A7231E75DA52}.Debug|Any CPU.Build.0 = Debug|Any CPU
		{29F4357A-A92D-458F-A266-A7231E75DA52}.Debug|x86.ActiveCfg = Debug|x86
		{29F4357A-A92D-458F-A266-A7231E75DA52}.Debug|x86.Build.0 = Debug|x86
		{29F4357A-A92D-458F-A266-A7231E75DA52}.Release|Any CPU.ActiveCfg = Release|Any CPU
		{29F4357A-A92D-458F-A266-A7231E75DA52}.Release|Any CPU.Build.0 = Release|Any CPU
		{29F4357A-A92D-458F-A266-A7231E75DA52}.Release|x86.ActiveCfg = Release|x86
		{29F4357A-A92D-458F-A266-A7231E75DA52}.Release|x86.Build.0 = Release|x86
		{29F4357A-A92D-458F-A266-A7231E75DA52}.Testing|Any CPU.ActiveCfg = Release|Any CPU
		{29F4357A-A92D-458F-A266-A7231E75DA52}.Testing|Any CPU.Build.0 = Release|Any CPU
		{29F4357A-A92D-458F-A266-A7231E75DA52}.Testing|x86.ActiveCfg = Release|x86
		{29F4357A-A92D-458F-A266-A7231E75DA52}.Testing|x86.Build.0 = Release|x86
		{209FCE36-FF4D-45C0-991A-D96B86ED3F1A}.Debug|Any CPU.ActiveCfg = Debug|Any CPU
		{209FCE36-FF4D-45C0-991A-D96B86ED3F1A}.Debug|Any CPU.Build.0 = Debug|Any CPU
		{209FCE36-FF4D-45C0-991A-D96B86ED3F1A}.Debug|x86.ActiveCfg = Debug|Any CPU
		{209FCE36-FF4D-45C0-991A-D96B86ED3F1A}.Release|Any CPU.ActiveCfg = Release|Any CPU
		{209FCE36-FF4D-45C0-991A-D96B86ED3F1A}.Release|Any CPU.Build.0 = Release|Any CPU
		{209FCE36-FF4D-45C0-991A-D96B86ED3F1A}.Release|x86.ActiveCfg = Release|Any CPU
		{209FCE36-FF4D-45C0-991A-D96B86ED3F1A}.Testing|Any CPU.ActiveCfg = Release|Any CPU
		{209FCE36-FF4D-45C0-991A-D96B86ED3F1A}.Testing|Any CPU.Build.0 = Release|Any CPU
		{209FCE36-FF4D-45C0-991A-D96B86ED3F1A}.Testing|x86.ActiveCfg = Release|Any CPU
	EndGlobalSection
	GlobalSection(SolutionProperties) = preSolution
		HideSolutionNode = FALSE
	EndGlobalSection
	GlobalSection(NestedProjects) = preSolution
		{06C6ADF6-C3DB-4ABC-948E-1705702DD07C} = {A3DD79D2-92AD-4BAF-893F-7230A4A7D1E6}
		{580D643C-0950-4C43-BF66-4724D24C673D} = {A3DD79D2-92AD-4BAF-893F-7230A4A7D1E6}
		{999286CE-0FB7-4622-8D09-EA068B9778DE} = {06C6ADF6-C3DB-4ABC-948E-1705702DD07C}
		{C2E439BE-629B-4069-9A36-A61F1D793E94} = {06C6ADF6-C3DB-4ABC-948E-1705702DD07C}
		{14CC4B24-5ED7-4819-9610-8B5AD619FAD4} = {06C6ADF6-C3DB-4ABC-948E-1705702DD07C}
		{670B086B-ECFC-4769-85FC-FA19DC00E5B9} = {999286CE-0FB7-4622-8D09-EA068B9778DE}
		{E90645D8-091B-47CE-9E4E-9528A4AB0C72} = {C2E439BE-629B-4069-9A36-A61F1D793E94}
		{8AF4CEEA-7B24-40A5-87C2-1A934E4A0F54} = {580D643C-0950-4C43-BF66-4724D24C673D}
		{B3F774E2-9D8D-4780-A9F5-D54958DEF3E8} = {580D643C-0950-4C43-BF66-4724D24C673D}
		{AB7EA04C-C7E9-447A-9277-B677409B54BA} = {580D643C-0950-4C43-BF66-4724D24C673D}
		{D033080D-12D9-4DC3-91CB-274675B2BC80} = {8AF4CEEA-7B24-40A5-87C2-1A934E4A0F54}
		{AA24549B-F016-4588-9AE9-3A503B4DAD79} = {B3F774E2-9D8D-4780-A9F5-D54958DEF3E8}
		{1EBCD6D8-6E9E-41EB-8968-F1ABAD8CB1CE} = {AB7EA04C-C7E9-447A-9277-B677409B54BA}
		{19D60463-EC4B-4A64-9186-20C9B34A8F92} = {14CC4B24-5ED7-4819-9610-8B5AD619FAD4}
	EndGlobalSection
EndGlobal
