
Microsoft Visual Studio Solution File, Format Version 11.00
# Visual Studio 2010
Project("{FAE04EC0-301F-11D3-BF4B-00C04F79EFBC}") = "CodeSmith.Samples", "CodeSmith.Samples.csproj", "{BCBFCFC6-E57A-41B5-979C-60BD8DE9FECA}"
EndProject
Global
	GlobalSection(SolutionConfigurationPlatforms) = preSolution
		Debug|Any CPU = Debug|Any CPU
		Release|Any CPU = Release|Any CPU
	EndGlobalSection
	GlobalSection(ProjectConfigurationPlatforms) = postSolution
		{BCBFCFC6-E57A-41B5-979C-60BD8DE9FECA}.Debug|Any CPU.ActiveCfg = Debug|Any CPU
		{BCBFCFC6-E57A-41B5-979C-60BD8DE9FECA}.Debug|Any CPU.Build.0 = Debug|Any CPU
		{BCBFCFC6-E57A-41B5-979C-60BD8DE9FECA}.Release|Any CPU.ActiveCfg = Release|Any CPU
		{BCBFCFC6-E57A-41B5-979C-60BD8DE9FECA}.Release|Any CPU.Build.0 = Release|Any CPU
	EndGlobalSection
	GlobalSection(SolutionProperties) = preSolution
		HideSolutionNode = FALSE
	EndGlobalSection
EndGlobal
