
Microsoft Visual Studio Solution File, Format Version 10.00
# Visual Studio 2008
Project("{FAE04EC0-301F-11D3-BF4B-00C04F79EFBC}") = "NHibernate.Generated", "NHibernate.Generated\NHibernate.Generated.csproj", "{1D19E2E8-131B-4CCB-8DD2-F1A6F1854D81}"
EndProject
Project("{FAE04EC0-301F-11D3-BF4B-00C04F79EFBC}") = "HNibernate.Demo", "HNibernate.Demo\HNibernate.Demo.csproj", "{143CF93B-CE4E-4C18-AA72-7E6CE5C62EB6}"
EndProject
Project("{FAE04EC0-301F-11D3-BF4B-00C04F79EFBC}") = "NHibernate.Base", "NHibernate.Base\NHibernate.Base.csproj", "{6BC7D08E-C15C-41CF-8A65-8378F8B42A19}"
EndProject
Global
	GlobalSection(SolutionConfigurationPlatforms) = preSolution
		Debug|Any CPU = Debug|Any CPU
		Release|Any CPU = Release|Any CPU
	EndGlobalSection
	GlobalSection(ProjectConfigurationPlatforms) = postSolution
		{1D19E2E8-131B-4CCB-8DD2-F1A6F1854D81}.Debug|Any CPU.ActiveCfg = Debug|Any CPU
		{1D19E2E8-131B-4CCB-8DD2-F1A6F1854D81}.Debug|Any CPU.Build.0 = Debug|Any CPU
		{1D19E2E8-131B-4CCB-8DD2-F1A6F1854D81}.Release|Any CPU.ActiveCfg = Release|Any CPU
		{1D19E2E8-131B-4CCB-8DD2-F1A6F1854D81}.Release|Any CPU.Build.0 = Release|Any CPU
		{143CF93B-CE4E-4C18-AA72-7E6CE5C62EB6}.Debug|Any CPU.ActiveCfg = Debug|Any CPU
		{143CF93B-CE4E-4C18-AA72-7E6CE5C62EB6}.Debug|Any CPU.Build.0 = Debug|Any CPU
		{143CF93B-CE4E-4C18-AA72-7E6CE5C62EB6}.Release|Any CPU.ActiveCfg = Release|Any CPU
		{143CF93B-CE4E-4C18-AA72-7E6CE5C62EB6}.Release|Any CPU.Build.0 = Release|Any CPU
		{6BC7D08E-C15C-41CF-8A65-8378F8B42A19}.Debug|Any CPU.ActiveCfg = Debug|Any CPU
		{6BC7D08E-C15C-41CF-8A65-8378F8B42A19}.Debug|Any CPU.Build.0 = Debug|Any CPU
		{6BC7D08E-C15C-41CF-8A65-8378F8B42A19}.Release|Any CPU.ActiveCfg = Release|Any CPU
		{6BC7D08E-C15C-41CF-8A65-8378F8B42A19}.Release|Any CPU.Build.0 = Release|Any CPU
	EndGlobalSection
	GlobalSection(SolutionProperties) = preSolution
		HideSolutionNode = FALSE
	EndGlobalSection
EndGlobal
