
Microsoft Visual Studio Solution File, Format Version 10.00
# Visual Studio 2008
Project("{FAE04EC0-301F-11D3-BF4B-00C04F79EFBC}") = "NHibernateHelper", "NHibernateHelper\NHibernateHelper.csproj", "{29F4357A-A92D-458F-A266-A7231E75DA52}"
EndProject
Global
	GlobalSection(SolutionConfigurationPlatforms) = preSolution
		Debug|Any CPU = Debug|Any CPU
		Release|Any CPU = Release|Any CPU
	EndGlobalSection
	GlobalSection(ProjectConfigurationPlatforms) = postSolution
		{29F4357A-A92D-458F-A266-A7231E75DA52}.Debug|Any CPU.ActiveCfg = Debug|Any CPU
		{29F4357A-A92D-458F-A266-A7231E75DA52}.Debug|Any CPU.Build.0 = Debug|Any CPU
		{29F4357A-A92D-458F-A266-A7231E75DA52}.Release|Any CPU.ActiveCfg = Release|Any CPU
		{29F4357A-A92D-458F-A266-A7231E75DA52}.Release|Any CPU.Build.0 = Release|Any CPU
	EndGlobalSection
	GlobalSection(SolutionProperties) = preSolution
		HideSolutionNode = FALSE
	EndGlobalSection
EndGlobal
