
Microsoft Visual Studio Solution File, Format Version 11.00
# Visual Studio 2010
Project("{FAE04EC0-301F-11D3-BF4B-00C04F79EFBC}") = "CodeSmith.SchemaHelper.NHibernate", "CodeSmith.SchemaHelper.NHibernate\CodeSmith.SchemaHelper.NHibernate.csproj", "{E56BF2D7-0907-4BF0-BAD8-B754D2E916E4}"
EndProject
Project("{FAE04EC0-301F-11D3-BF4B-00C04F79EFBC}") = "CodeSmith.Data.NHibernate", "CodeSmith.Data.NHibernate\CodeSmith.Data.NHibernate.csproj", "{20D2F5EE-21AE-45C0-A6AF-E52AAFFCDD7E}"
EndProject
Project("{FAE04EC0-301F-11D3-BF4B-00C04F79EFBC}") = "CodeSmith.Data.NHibernate.Tests", "CodeSmith.Data.NHibernate.Tests\CodeSmith.Data.NHibernate.Tests.csproj", "{9A15AF7F-0D02-4E29-8453-C5DF3C2B4393}"
EndProject
Global
	GlobalSection(SolutionConfigurationPlatforms) = preSolution
		Debug|Any CPU = Debug|Any CPU
		Release|Any CPU = Release|Any CPU
	EndGlobalSection
	GlobalSection(ProjectConfigurationPlatforms) = postSolution
		{E56BF2D7-0907-4BF0-BAD8-B754D2E916E4}.Debug|Any CPU.ActiveCfg = Debug|Any CPU
		{E56BF2D7-0907-4BF0-BAD8-B754D2E916E4}.Debug|Any CPU.Build.0 = Debug|Any CPU
		{E56BF2D7-0907-4BF0-BAD8-B754D2E916E4}.Release|Any CPU.ActiveCfg = Release|Any CPU
		{E56BF2D7-0907-4BF0-BAD8-B754D2E916E4}.Release|Any CPU.Build.0 = Release|Any CPU
		{20D2F5EE-21AE-45C0-A6AF-E52AAFFCDD7E}.Debug|Any CPU.ActiveCfg = Debug|Any CPU
		{20D2F5EE-21AE-45C0-A6AF-E52AAFFCDD7E}.Debug|Any CPU.Build.0 = Debug|Any CPU
		{20D2F5EE-21AE-45C0-A6AF-E52AAFFCDD7E}.Release|Any CPU.ActiveCfg = Release|Any CPU
		{20D2F5EE-21AE-45C0-A6AF-E52AAFFCDD7E}.Release|Any CPU.Build.0 = Release|Any CPU
		{9A15AF7F-0D02-4E29-8453-C5DF3C2B4393}.Debug|Any CPU.ActiveCfg = Debug|Any CPU
		{9A15AF7F-0D02-4E29-8453-C5DF3C2B4393}.Debug|Any CPU.Build.0 = Debug|Any CPU
		{9A15AF7F-0D02-4E29-8453-C5DF3C2B4393}.Release|Any CPU.ActiveCfg = Release|Any CPU
		{9A15AF7F-0D02-4E29-8453-C5DF3C2B4393}.Release|Any CPU.Build.0 = Release|Any CPU
	EndGlobalSection
	GlobalSection(SolutionProperties) = preSolution
		HideSolutionNode = FALSE
	EndGlobalSection
EndGlobal
