
Microsoft Visual Studio Solution File, Format Version 10.00
# Visual Studio 2008
Project("{FAE04EC0-301F-11D3-BF4B-00C04F79EFBC}") = "Petshop.Data", "Petshop.Data\Petshop.Data.csproj", "{A7A02686-C448-42B9-ABE4-430DF25892D9}"
EndProject
Project("{FAE04EC0-301F-11D3-BF4B-00C04F79EFBC}") = "Petshop.UI", "Petshop.UI\Petshop.UI.csproj", "{976F00F3-142A-42F1-95C2-AAC9F76A72B0}"
EndProject
Project("{FAE04EC0-301F-11D3-BF4B-00C04F79EFBC}") = "Petshop.Test", "Petshop.Test\Petshop.Test.csproj", "{DF5AEAA5-7591-4D8A-8F7E-AC321E57694F}"
EndProject
Global
	GlobalSection(SolutionConfigurationPlatforms) = preSolution
		Debug|Any CPU = Debug|Any CPU
		Release|Any CPU = Release|Any CPU
	EndGlobalSection
	GlobalSection(ProjectConfigurationPlatforms) = postSolution
		{A7A02686-C448-42B9-ABE4-430DF25892D9}.Debug|Any CPU.ActiveCfg = Debug|Any CPU
		{A7A02686-C448-42B9-ABE4-430DF25892D9}.Debug|Any CPU.Build.0 = Debug|Any CPU
		{A7A02686-C448-42B9-ABE4-430DF25892D9}.Release|Any CPU.ActiveCfg = Release|Any CPU
		{A7A02686-C448-42B9-ABE4-430DF25892D9}.Release|Any CPU.Build.0 = Release|Any CPU
		{976F00F3-142A-42F1-95C2-AAC9F76A72B0}.Debug|Any CPU.ActiveCfg = Debug|Any CPU
		{976F00F3-142A-42F1-95C2-AAC9F76A72B0}.Debug|Any CPU.Build.0 = Debug|Any CPU
		{976F00F3-142A-42F1-95C2-AAC9F76A72B0}.Release|Any CPU.ActiveCfg = Release|Any CPU
		{976F00F3-142A-42F1-95C2-AAC9F76A72B0}.Release|Any CPU.Build.0 = Release|Any CPU
		{DF5AEAA5-7591-4D8A-8F7E-AC321E57694F}.Debug|Any CPU.ActiveCfg = Debug|Any CPU
		{DF5AEAA5-7591-4D8A-8F7E-AC321E57694F}.Debug|Any CPU.Build.0 = Debug|Any CPU
		{DF5AEAA5-7591-4D8A-8F7E-AC321E57694F}.Release|Any CPU.ActiveCfg = Release|Any CPU
		{DF5AEAA5-7591-4D8A-8F7E-AC321E57694F}.Release|Any CPU.Build.0 = Release|Any CPU
	EndGlobalSection
	GlobalSection(SolutionProperties) = preSolution
		HideSolutionNode = FALSE
	EndGlobalSection
EndGlobal

