
Microsoft Visual Studio Solution File, Format Version 11.00
# Visual Studio 2010
Project("{F184B08F-C81C-45F6-A57F-5ABD9991F28F}") = "PetShop.Business", "VisualBasic\PetShop\Source\PetShop.Business\PetShop.Business.vbproj", "{E10044C4-3AC7-447A-9A53-5233058C11E7}"
EndProject
Project("{F184B08F-C81C-45F6-A57F-5ABD9991F28F}") = "PetShop.UI", "VisualBasic\PetShop\Source\PetShop.UI\PetShop.UI.vbproj", "{4B6AFC84-E272-4442-AAB3-A3EFBF9380B9}"
EndProject
Project("{F184B08F-C81C-45F6-A57F-5ABD9991F28F}") = "PetShop.Controls", "VisualBasic\PetShop\Source\PetShop.Controls\PetShop.Controls.vbproj", "{7217E466-4728-4CF8-B736-CA65B779AA26}"
EndProject
Project("{F184B08F-C81C-45F6-A57F-5ABD9991F28F}") = "PetShop.Business.Silverlight", "VisualBasic\PetShop\Source\PetShop.Business.Silverlight\PetShop.Business.Silverlight.vbproj", "{57578FD7-3C92-4234-813C-7BCC837C940C}"
	ProjectSection(ProjectDependencies) = postProject
		{E10044C4-3AC7-447A-9A53-5233058C11E7} = {E10044C4-3AC7-447A-9A53-5233058C11E7}
	EndProjectSection
EndProject
Project("{F184B08F-C81C-45F6-A57F-5ABD9991F28F}") = "PetShop.UI.Silverlight", "VisualBasic\PetShop\Source\PetShop.UI.Silverlight\PetShop.UI.Silverlight.vbproj", "{8ED67CD0-7081-480D-855E-32942C738C46}"
EndProject
Project("{F184B08F-C81C-45F6-A57F-5ABD9991F28F}") = "PetShop.UI.Silverlight.Web", "VisualBasic\PetShop\Source\PetShop.UI.Silverlight.Web\PetShop.UI.Silverlight.Web.vbproj", "{5640806A-97F1-4E60-930F-704FFBBD04E0}"
EndProject
Global
	GlobalSection(SolutionConfigurationPlatforms) = preSolution
		Debug|Any CPU = Debug|Any CPU
		Release|Any CPU = Release|Any CPU
		Testing|Any CPU = Testing|Any CPU
	EndGlobalSection
	GlobalSection(ProjectConfigurationPlatforms) = postSolution
		{E10044C4-3AC7-447A-9A53-5233058C11E7}.Debug|Any CPU.ActiveCfg = Debug|Any CPU
		{E10044C4-3AC7-447A-9A53-5233058C11E7}.Debug|Any CPU.Build.0 = Debug|Any CPU
		{E10044C4-3AC7-447A-9A53-5233058C11E7}.Release|Any CPU.ActiveCfg = Release|Any CPU
		{E10044C4-3AC7-447A-9A53-5233058C11E7}.Release|Any CPU.Build.0 = Release|Any CPU
		{E10044C4-3AC7-447A-9A53-5233058C11E7}.Testing|Any CPU.ActiveCfg = Release|Any CPU
		{4B6AFC84-E272-4442-AAB3-A3EFBF9380B9}.Debug|Any CPU.ActiveCfg = Debug|Any CPU
		{4B6AFC84-E272-4442-AAB3-A3EFBF9380B9}.Debug|Any CPU.Build.0 = Debug|Any CPU
		{4B6AFC84-E272-4442-AAB3-A3EFBF9380B9}.Release|Any CPU.ActiveCfg = Release|Any CPU
		{4B6AFC84-E272-4442-AAB3-A3EFBF9380B9}.Release|Any CPU.Build.0 = Release|Any CPU
		{4B6AFC84-E272-4442-AAB3-A3EFBF9380B9}.Testing|Any CPU.ActiveCfg = Release|Any CPU
		{7217E466-4728-4CF8-B736-CA65B779AA26}.Debug|Any CPU.ActiveCfg = Debug|Any CPU
		{7217E466-4728-4CF8-B736-CA65B779AA26}.Debug|Any CPU.Build.0 = Debug|Any CPU
		{7217E466-4728-4CF8-B736-CA65B779AA26}.Release|Any CPU.ActiveCfg = Release|Any CPU
		{7217E466-4728-4CF8-B736-CA65B779AA26}.Release|Any CPU.Build.0 = Release|Any CPU
		{7217E466-4728-4CF8-B736-CA65B779AA26}.Testing|Any CPU.ActiveCfg = Release|Any CPU
		{57578FD7-3C92-4234-813C-7BCC837C940C}.Debug|Any CPU.ActiveCfg = Debug|Any CPU
		{57578FD7-3C92-4234-813C-7BCC837C940C}.Debug|Any CPU.Build.0 = Debug|Any CPU
		{57578FD7-3C92-4234-813C-7BCC837C940C}.Release|Any CPU.ActiveCfg = Release|Any CPU
		{57578FD7-3C92-4234-813C-7BCC837C940C}.Release|Any CPU.Build.0 = Release|Any CPU
		{57578FD7-3C92-4234-813C-7BCC837C940C}.Testing|Any CPU.ActiveCfg = Release|Any CPU
		{57578FD7-3C92-4234-813C-7BCC837C940C}.Testing|Any CPU.Build.0 = Release|Any CPU
		{8ED67CD0-7081-480D-855E-32942C738C46}.Debug|Any CPU.ActiveCfg = Debug|Any CPU
		{8ED67CD0-7081-480D-855E-32942C738C46}.Debug|Any CPU.Build.0 = Debug|Any CPU
		{8ED67CD0-7081-480D-855E-32942C738C46}.Release|Any CPU.ActiveCfg = Release|Any CPU
		{8ED67CD0-7081-480D-855E-32942C738C46}.Release|Any CPU.Build.0 = Release|Any CPU
		{8ED67CD0-7081-480D-855E-32942C738C46}.Testing|Any CPU.ActiveCfg = Release|Any CPU
		{8ED67CD0-7081-480D-855E-32942C738C46}.Testing|Any CPU.Build.0 = Release|Any CPU
		{5640806A-97F1-4E60-930F-704FFBBD04E0}.Debug|Any CPU.ActiveCfg = Debug|Any CPU
		{5640806A-97F1-4E60-930F-704FFBBD04E0}.Debug|Any CPU.Build.0 = Debug|Any CPU
		{5640806A-97F1-4E60-930F-704FFBBD04E0}.Release|Any CPU.ActiveCfg = Release|Any CPU
		{5640806A-97F1-4E60-930F-704FFBBD04E0}.Release|Any CPU.Build.0 = Release|Any CPU
		{5640806A-97F1-4E60-930F-704FFBBD04E0}.Testing|Any CPU.ActiveCfg = Release|Any CPU
		{5640806A-97F1-4E60-930F-704FFBBD04E0}.Testing|Any CPU.Build.0 = Release|Any CPU
	EndGlobalSection
	GlobalSection(SolutionProperties) = preSolution
		HideSolutionNode = FALSE
	EndGlobalSection
EndGlobal
