
Microsoft Visual Studio Solution File, Format Version 10.00
# Visual Studio 2008
Project("{FAE04EC0-301F-11D3-BF4B-00C04F79EFBC}") = "Tracker.DynamicData.UI", "Source\Tracker.DynamicData.UI\Tracker.DynamicData.UI.csproj", "{642C1142-00C3-4E96-9A66-6DB5105F7E2C}"
EndProject
Project("{FAE04EC0-301F-11D3-BF4B-00C04F79EFBC}") = "Tracker.MVC.UI", "Source\Tracker.MVC.UI\Tracker.MVC.UI.csproj", "{CCD7AA1F-0749-46C3-B552-97523A017C33}"
EndProject
Project("{FAE04EC0-301F-11D3-BF4B-00C04F79EFBC}") = "Tracker.Tests", "Source\Tracker.Tests\Tracker.Tests.csproj", "{6DEAD116-B10E-4E8D-8FCC-990841563796}"
EndProject
Project("{2150E333-8FDC-42A3-9474-1A3956D46DE8}") = "Templates", "Templates", "{719A27A6-988D-47DD-B035-7DC9ADCF06C1}"
EndProject
Project("{FAE04EC0-301F-11D3-BF4B-00C04F79EFBC}") = "Tracker.Core", "Source\Tracker.Core\Tracker.Core.csproj", "{2DF2FB49-6A04-4FD5-80D9-C662825787E3}"
EndProject
Project("{FAE04EC0-301F-11D3-BF4B-00C04F79EFBC}") = "CodeSmith.Data", "Source\Templates\PLINQO\Source\CodeSmith.Data\CodeSmith.Data.csproj", "{389DE9AF-2491-4C91-A3A3-FB15FFD8515B}"
EndProject
Global
	GlobalSection(SolutionConfigurationPlatforms) = preSolution
		Debug|Any CPU = Debug|Any CPU
		Debug|x86 = Debug|x86
		Release|Any CPU = Release|Any CPU
		Release|x86 = Release|x86
	EndGlobalSection
	GlobalSection(ProjectConfigurationPlatforms) = postSolution
		{642C1142-00C3-4E96-9A66-6DB5105F7E2C}.Debug|Any CPU.ActiveCfg = Debug|Any CPU
		{642C1142-00C3-4E96-9A66-6DB5105F7E2C}.Debug|Any CPU.Build.0 = Debug|Any CPU
		{642C1142-00C3-4E96-9A66-6DB5105F7E2C}.Debug|x86.ActiveCfg = Debug|Any CPU
		{642C1142-00C3-4E96-9A66-6DB5105F7E2C}.Release|Any CPU.ActiveCfg = Release|Any CPU
		{642C1142-00C3-4E96-9A66-6DB5105F7E2C}.Release|Any CPU.Build.0 = Release|Any CPU
		{642C1142-00C3-4E96-9A66-6DB5105F7E2C}.Release|x86.ActiveCfg = Release|Any CPU
		{CCD7AA1F-0749-46C3-B552-97523A017C33}.Debug|Any CPU.ActiveCfg = Debug|Any CPU
		{CCD7AA1F-0749-46C3-B552-97523A017C33}.Debug|Any CPU.Build.0 = Debug|Any CPU
		{CCD7AA1F-0749-46C3-B552-97523A017C33}.Debug|x86.ActiveCfg = Debug|Any CPU
		{CCD7AA1F-0749-46C3-B552-97523A017C33}.Release|Any CPU.ActiveCfg = Release|Any CPU
		{CCD7AA1F-0749-46C3-B552-97523A017C33}.Release|Any CPU.Build.0 = Release|Any CPU
		{CCD7AA1F-0749-46C3-B552-97523A017C33}.Release|x86.ActiveCfg = Release|Any CPU
		{6DEAD116-B10E-4E8D-8FCC-990841563796}.Debug|Any CPU.ActiveCfg = Debug|Any CPU
		{6DEAD116-B10E-4E8D-8FCC-990841563796}.Debug|Any CPU.Build.0 = Debug|Any CPU
		{6DEAD116-B10E-4E8D-8FCC-990841563796}.Debug|x86.ActiveCfg = Debug|Any CPU
		{6DEAD116-B10E-4E8D-8FCC-990841563796}.Release|Any CPU.ActiveCfg = Release|Any CPU
		{6DEAD116-B10E-4E8D-8FCC-990841563796}.Release|Any CPU.Build.0 = Release|Any CPU
		{6DEAD116-B10E-4E8D-8FCC-990841563796}.Release|x86.ActiveCfg = Release|Any CPU
		{2DF2FB49-6A04-4FD5-80D9-C662825787E3}.Debug|Any CPU.ActiveCfg = Debug|Any CPU
		{2DF2FB49-6A04-4FD5-80D9-C662825787E3}.Debug|Any CPU.Build.0 = Debug|Any CPU
		{2DF2FB49-6A04-4FD5-80D9-C662825787E3}.Debug|x86.ActiveCfg = Debug|Any CPU
		{2DF2FB49-6A04-4FD5-80D9-C662825787E3}.Release|Any CPU.ActiveCfg = Release|Any CPU
		{2DF2FB49-6A04-4FD5-80D9-C662825787E3}.Release|Any CPU.Build.0 = Release|Any CPU
		{2DF2FB49-6A04-4FD5-80D9-C662825787E3}.Release|x86.ActiveCfg = Release|Any CPU
		{389DE9AF-2491-4C91-A3A3-FB15FFD8515B}.Debug|Any CPU.ActiveCfg = Debug|Any CPU
		{389DE9AF-2491-4C91-A3A3-FB15FFD8515B}.Debug|Any CPU.Build.0 = Debug|Any CPU
		{389DE9AF-2491-4C91-A3A3-FB15FFD8515B}.Debug|x86.ActiveCfg = Debug|x86
		{389DE9AF-2491-4C91-A3A3-FB15FFD8515B}.Debug|x86.Build.0 = Debug|x86
		{389DE9AF-2491-4C91-A3A3-FB15FFD8515B}.Release|Any CPU.ActiveCfg = Release|Any CPU
		{389DE9AF-2491-4C91-A3A3-FB15FFD8515B}.Release|Any CPU.Build.0 = Release|Any CPU
		{389DE9AF-2491-4C91-A3A3-FB15FFD8515B}.Release|x86.ActiveCfg = Release|x86
		{389DE9AF-2491-4C91-A3A3-FB15FFD8515B}.Release|x86.Build.0 = Release|x86
	EndGlobalSection
	GlobalSection(SolutionProperties) = preSolution
		HideSolutionNode = FALSE
	EndGlobalSection
EndGlobal
