
Microsoft Visual Studio Solution File, Format Version 10.00
# Visual Studio 2008
Project("{FAE04EC0-301F-11D3-BF4B-00C04F79EFBC}") = "Sample.Console", "Sample.Console\Sample.Console.csproj", "{24ECF9C4-9AF0-4416-9EED-41E75C4FAC39}"
EndProject
Project("{FAE04EC0-301F-11D3-BF4B-00C04F79EFBC}") = "Sample.Data", "Sample.Data\Sample.Data.csproj", "{AA6243FE-B36F-4BA4-915A-E47CC69A0F16}"
EndProject
Global
	GlobalSection(SolutionConfigurationPlatforms) = preSolution
		Debug|Any CPU = Debug|Any CPU
		Release|Any CPU = Release|Any CPU
	EndGlobalSection
	GlobalSection(ProjectConfigurationPlatforms) = postSolution
		{24ECF9C4-9AF0-4416-9EED-41E75C4FAC39}.Debug|Any CPU.ActiveCfg = Debug|Any CPU
		{24ECF9C4-9AF0-4416-9EED-41E75C4FAC39}.Debug|Any CPU.Build.0 = Debug|Any CPU
		{24ECF9C4-9AF0-4416-9EED-41E75C4FAC39}.Release|Any CPU.ActiveCfg = Release|Any CPU
		{24ECF9C4-9AF0-4416-9EED-41E75C4FAC39}.Release|Any CPU.Build.0 = Release|Any CPU
		{AA6243FE-B36F-4BA4-915A-E47CC69A0F16}.Debug|Any CPU.ActiveCfg = Debug|Any CPU
		{AA6243FE-B36F-4BA4-915A-E47CC69A0F16}.Debug|Any CPU.Build.0 = Debug|Any CPU
		{AA6243FE-B36F-4BA4-915A-E47CC69A0F16}.Release|Any CPU.ActiveCfg = Release|Any CPU
		{AA6243FE-B36F-4BA4-915A-E47CC69A0F16}.Release|Any CPU.Build.0 = Release|Any CPU
	EndGlobalSection
	GlobalSection(SolutionProperties) = preSolution
		HideSolutionNode = FALSE
	EndGlobalSection
EndGlobal
